
Microsoft Visual Studio Solution File, Format Version 12.00
Project("{FAE04EC0-301F-11D3-BF4B-00C04F79EFBC}") = "DocumentFill", "DocumentFill\DocumentFill.csproj", "{A161391C-BEB1-4963-B80E-18DB7D89BA06}"
EndProject
Project("{FAE04EC0-301F-11D3-BF4B-00C04F79EFBC}") = "DocumentFillTests", "DocumentFillTests\DocumentFillTests.csproj", "{3CF68D50-BAB2-435F-85F6-B183FBD87F9B}"
EndProject
Global
	GlobalSection(SolutionConfigurationPlatforms) = preSolution
		Debug|Any CPU = Debug|Any CPU
		Release|Any CPU = Release|Any CPU
	EndGlobalSection
	GlobalSection(ProjectConfigurationPlatforms) = postSolution
		{A161391C-BEB1-4963-B80E-18DB7D89BA06}.Debug|Any CPU.ActiveCfg = Debug|Any CPU
		{A161391C-BEB1-4963-B80E-18DB7D89BA06}.Debug|Any CPU.Build.0 = Debug|Any CPU
		{A161391C-BEB1-4963-B80E-18DB7D89BA06}.Release|Any CPU.ActiveCfg = Release|Any CPU
		{A161391C-BEB1-4963-B80E-18DB7D89BA06}.Release|Any CPU.Build.0 = Release|Any CPU
		{3CF68D50-BAB2-435F-85F6-B183FBD87F9B}.Debug|Any CPU.ActiveCfg = Debug|Any CPU
		{3CF68D50-BAB2-435F-85F6-B183FBD87F9B}.Debug|Any CPU.Build.0 = Debug|Any CPU
		{3CF68D50-BAB2-435F-85F6-B183FBD87F9B}.Release|Any CPU.ActiveCfg = Release|Any CPU
		{3CF68D50-BAB2-435F-85F6-B183FBD87F9B}.Release|Any CPU.Build.0 = Release|Any CPU
	EndGlobalSection
EndGlobal
